
Microsoft Visual Studio Solution File, Format Version 11.00
# Visual Studio 2010
Project("{FAE04EC0-301F-11D3-BF4B-00C04F79EFBC}") = "CS498-Final-Project", "Assembly-CSharp.csproj", "{560492CA-5EAE-EBB3-02CE-1F70A1DF4385}"
EndProject
Project("{FAE04EC0-301F-11D3-BF4B-00C04F79EFBC}") = "CS498-Final-Project", "Assembly-CSharp-Editor.csproj", "{6A95FE27-ADE0-3CBC-D567-CECDD915778E}"
EndProject
Global
	GlobalSection(SolutionConfigurationPlatforms) = preSolution
		Debug|Any CPU = Debug|Any CPU
		Release|Any CPU = Release|Any CPU
	EndGlobalSection
	GlobalSection(ProjectConfigurationPlatforms) = postSolution
		{560492CA-5EAE-EBB3-02CE-1F70A1DF4385}.Debug|Any CPU.ActiveCfg = Debug|Any CPU
		{560492CA-5EAE-EBB3-02CE-1F70A1DF4385}.Debug|Any CPU.Build.0 = Debug|Any CPU
		{560492CA-5EAE-EBB3-02CE-1F70A1DF4385}.Release|Any CPU.ActiveCfg = Release|Any CPU
		{560492CA-5EAE-EBB3-02CE-1F70A1DF4385}.Release|Any CPU.Build.0 = Release|Any CPU
		{6A95FE27-ADE0-3CBC-D567-CECDD915778E}.Debug|Any CPU.ActiveCfg = Debug|Any CPU
		{6A95FE27-ADE0-3CBC-D567-CECDD915778E}.Debug|Any CPU.Build.0 = Debug|Any CPU
		{6A95FE27-ADE0-3CBC-D567-CECDD915778E}.Release|Any CPU.ActiveCfg = Release|Any CPU
		{6A95FE27-ADE0-3CBC-D567-CECDD915778E}.Release|Any CPU.Build.0 = Release|Any CPU
	EndGlobalSection
	GlobalSection(SolutionProperties) = preSolution
		HideSolutionNode = FALSE
	EndGlobalSection
	GlobalSection(MonoDevelopProperties) = preSolution
		StartupItem = Assembly-CSharp.csproj
	EndGlobalSection
EndGlobal
